// !$*UTF8*$!
{
	archiveVersion = 1;
	classes = {
	};
	objectVersion = 51;
	objects = {

/* Begin PBXBuildFile section */
		0EB0222C22D3FBD3002179EB /* AppDelegate.m in Sources */ = {isa = PBXBuildFile; fileRef = 0EB0222B22D3FBD3002179EB /* AppDelegate.m */; };
		0EB0222F22D3FBD3002179EB /* LoginViewController.m in Sources */ = {isa = PBXBuildFile; fileRef = 0EB0222E22D3FBD3002179EB /* LoginViewController.m */; };
		0EB0223222D3FBD3002179EB /* Main.storyboard in Resources */ = {isa = PBXBuildFile; fileRef = 0EB0223022D3FBD3002179EB /* Main.storyboard */; };
		0EB0223422D3FBD4002179EB /* Assets.xcassets in Resources */ = {isa = PBXBuildFile; fileRef = 0EB0223322D3FBD4002179EB /* Assets.xcassets */; };
		0EB0223722D3FBD4002179EB /* LaunchScreen.storyboard in Resources */ = {isa = PBXBuildFile; fileRef = 0EB0223522D3FBD4002179EB /* LaunchScreen.storyboard */; };
		0EB0223A22D3FBD4002179EB /* main.m in Sources */ = {isa = PBXBuildFile; fileRef = 0EB0223922D3FBD4002179EB /* main.m */; };
		0EB0224422D3FBD4002179EB /* rayinstaTests.m in Sources */ = {isa = PBXBuildFile; fileRef = 0EB0224322D3FBD4002179EB /* rayinstaTests.m */; };
		0EB0224F22D3FBD5002179EB /* rayinstaUITests.m in Sources */ = {isa = PBXBuildFile; fileRef = 0EB0224E22D3FBD5002179EB /* rayinstaUITests.m */; };
		0EB0226122D4108B002179EB /* SignUpViewController.m in Sources */ = {isa = PBXBuildFile; fileRef = 0EB0226022D4108B002179EB /* SignUpViewController.m */; };
		0EB0226422D41A8F002179EB /* HomeFeedViewController.m in Sources */ = {isa = PBXBuildFile; fileRef = 0EB0226322D41A8F002179EB /* HomeFeedViewController.m */; };
		0EB0226722D52AFA002179EB /* Post.m in Sources */ = {isa = PBXBuildFile; fileRef = 0EB0226622D52AFA002179EB /* Post.m */; };
		5EB47659A8DC1655852A79AB /* Pods_rayinstaTests.framework in Frameworks */ = {isa = PBXBuildFile; fileRef = 1971B6FAA36023151F4D83AC /* Pods_rayinstaTests.framework */; };
		8C5E59AA3986586BA505EC79 /* Pods_rayinsta.framework in Frameworks */ = {isa = PBXBuildFile; fileRef = B65DFE182BA10FE662D899CA /* Pods_rayinsta.framework */; };
		A64559FB87F1CB8CFC98DDDE /* Pods_rayinstaUITests.framework in Frameworks */ = {isa = PBXBuildFile; fileRef = FF2608FF85BB4613E25F393F /* Pods_rayinstaUITests.framework */; };
/* End PBXBuildFile section */

/* Begin PBXContainerItemProxy section */
		0EB0224022D3FBD4002179EB /* PBXContainerItemProxy */ = {
			isa = PBXContainerItemProxy;
			containerPortal = 0EB0221F22D3FBD3002179EB /* Project object */;
			proxyType = 1;
			remoteGlobalIDString = 0EB0222622D3FBD3002179EB;
			remoteInfo = rayinsta;
		};
		0EB0224B22D3FBD5002179EB /* PBXContainerItemProxy */ = {
			isa = PBXContainerItemProxy;
			containerPortal = 0EB0221F22D3FBD3002179EB /* Project object */;
			proxyType = 1;
			remoteGlobalIDString = 0EB0222622D3FBD3002179EB;
			remoteInfo = rayinsta;
		};
/* End PBXContainerItemProxy section */

/* Begin PBXFileReference section */
		0B86ABC6454DAEBD7B9FFBC3 /* Pods-rayinstaTests.release.xcconfig */ = {isa = PBXFileReference; includeInIndex = 1; lastKnownFileType = text.xcconfig; name = "Pods-rayinstaTests.release.xcconfig"; path = "Target Support Files/Pods-rayinstaTests/Pods-rayinstaTests.release.xcconfig"; sourceTree = "<group>"; };
		0EB0222722D3FBD3002179EB /* rayinsta.app */ = {isa = PBXFileReference; explicitFileType = wrapper.application; includeInIndex = 0; path = rayinsta.app; sourceTree = BUILT_PRODUCTS_DIR; };
		0EB0222A22D3FBD3002179EB /* AppDelegate.h */ = {isa = PBXFileReference; lastKnownFileType = sourcecode.c.h; path = AppDelegate.h; sourceTree = "<group>"; };
		0EB0222B22D3FBD3002179EB /* AppDelegate.m */ = {isa = PBXFileReference; lastKnownFileType = sourcecode.c.objc; path = AppDelegate.m; sourceTree = "<group>"; };
		0EB0222D22D3FBD3002179EB /* LoginViewController.h */ = {isa = PBXFileReference; lastKnownFileType = sourcecode.c.h; path = LoginViewController.h; sourceTree = "<group>"; };
		0EB0222E22D3FBD3002179EB /* LoginViewController.m */ = {isa = PBXFileReference; lastKnownFileType = sourcecode.c.objc; path = LoginViewController.m; sourceTree = "<group>"; };
		0EB0223122D3FBD3002179EB /* Base */ = {isa = PBXFileReference; lastKnownFileType = file.storyboard; name = Base; path = Base.lproj/Main.storyboard; sourceTree = "<group>"; };
		0EB0223322D3FBD4002179EB /* Assets.xcassets */ = {isa = PBXFileReference; lastKnownFileType = folder.assetcatalog; path = Assets.xcassets; sourceTree = "<group>"; };
		0EB0223622D3FBD4002179EB /* Base */ = {isa = PBXFileReference; lastKnownFileType = file.storyboard; name = Base; path = Base.lproj/LaunchScreen.storyboard; sourceTree = "<group>"; };
		0EB0223822D3FBD4002179EB /* Info.plist */ = {isa = PBXFileReference; lastKnownFileType = text.plist.xml; path = Info.plist; sourceTree = "<group>"; };
		0EB0223922D3FBD4002179EB /* main.m */ = {isa = PBXFileReference; lastKnownFileType = sourcecode.c.objc; path = main.m; sourceTree = "<group>"; };
		0EB0223F22D3FBD4002179EB /* rayinstaTests.xctest */ = {isa = PBXFileReference; explicitFileType = wrapper.cfbundle; includeInIndex = 0; path = rayinstaTests.xctest; sourceTree = BUILT_PRODUCTS_DIR; };
		0EB0224322D3FBD4002179EB /* rayinstaTests.m */ = {isa = PBXFileReference; lastKnownFileType = sourcecode.c.objc; path = rayinstaTests.m; sourceTree = "<group>"; };
		0EB0224522D3FBD4002179EB /* Info.plist */ = {isa = PBXFileReference; lastKnownFileType = text.plist.xml; path = Info.plist; sourceTree = "<group>"; };
		0EB0224A22D3FBD5002179EB /* rayinstaUITests.xctest */ = {isa = PBXFileReference; explicitFileType = wrapper.cfbundle; includeInIndex = 0; path = rayinstaUITests.xctest; sourceTree = BUILT_PRODUCTS_DIR; };
		0EB0224E22D3FBD5002179EB /* rayinstaUITests.m */ = {isa = PBXFileReference; lastKnownFileType = sourcecode.c.objc; path = rayinstaUITests.m; sourceTree = "<group>"; };
		0EB0225022D3FBD5002179EB /* Info.plist */ = {isa = PBXFileReference; lastKnownFileType = text.plist.xml; path = Info.plist; sourceTree = "<group>"; };
		0EB0225F22D4108B002179EB /* SignUpViewController.h */ = {isa = PBXFileReference; lastKnownFileType = sourcecode.c.h; path = SignUpViewController.h; sourceTree = "<group>"; };
		0EB0226022D4108B002179EB /* SignUpViewController.m */ = {isa = PBXFileReference; lastKnownFileType = sourcecode.c.objc; path = SignUpViewController.m; sourceTree = "<group>"; };
		0EB0226222D41A8F002179EB /* HomeFeedViewController.h */ = {isa = PBXFileReference; lastKnownFileType = sourcecode.c.h; path = HomeFeedViewController.h; sourceTree = "<group>"; };
		0EB0226322D41A8F002179EB /* HomeFeedViewController.m */ = {isa = PBXFileReference; lastKnownFileType = sourcecode.c.objc; path = HomeFeedViewController.m; sourceTree = "<group>"; };
		0EB0226522D52AFA002179EB /* Post.h */ = {isa = PBXFileReference; lastKnownFileType = sourcecode.c.h; path = Post.h; sourceTree = "<group>"; };
		0EB0226622D52AFA002179EB /* Post.m */ = {isa = PBXFileReference; lastKnownFileType = sourcecode.c.objc; path = Post.m; sourceTree = "<group>"; };
		1971B6FAA36023151F4D83AC /* Pods_rayinstaTests.framework */ = {isa = PBXFileReference; explicitFileType = wrapper.framework; includeInIndex = 0; path = Pods_rayinstaTests.framework; sourceTree = BUILT_PRODUCTS_DIR; };
		402EBC62E08BC54CCB83A6CD /* Pods-rayinsta.release.xcconfig */ = {isa = PBXFileReference; includeInIndex = 1; lastKnownFileType = text.xcconfig; name = "Pods-rayinsta.release.xcconfig"; path = "Target Support Files/Pods-rayinsta/Pods-rayinsta.release.xcconfig"; sourceTree = "<group>"; };
		7FC08DFDEEA4EA9B19383171 /* Pods-rayinstaUITests.debug.xcconfig */ = {isa = PBXFileReference; includeInIndex = 1; lastKnownFileType = text.xcconfig; name = "Pods-rayinstaUITests.debug.xcconfig"; path = "Target Support Files/Pods-rayinstaUITests/Pods-rayinstaUITests.debug.xcconfig"; sourceTree = "<group>"; };
		B65DFE182BA10FE662D899CA /* Pods_rayinsta.framework */ = {isa = PBXFileReference; explicitFileType = wrapper.framework; includeInIndex = 0; path = Pods_rayinsta.framework; sourceTree = BUILT_PRODUCTS_DIR; };
		F1978E94ED5A4B4CBD7A074F /* Pods-rayinstaTests.debug.xcconfig */ = {isa = PBXFileReference; includeInIndex = 1; lastKnownFileType = text.xcconfig; name = "Pods-rayinstaTests.debug.xcconfig"; path = "Target Support Files/Pods-rayinstaTests/Pods-rayinstaTests.debug.xcconfig"; sourceTree = "<group>"; };
		F3F250EC9A490F8B49E50EDF /* Pods-rayinstaUITests.release.xcconfig */ = {isa = PBXFileReference; includeInIndex = 1; lastKnownFileType = text.xcconfig; name = "Pods-rayinstaUITests.release.xcconfig"; path = "Target Support Files/Pods-rayinstaUITests/Pods-rayinstaUITests.release.xcconfig"; sourceTree = "<group>"; };
		F69DCE5FBFFED560D8EDBC27 /* Pods-rayinsta.debug.xcconfig */ = {isa = PBXFileReference; includeInIndex = 1; lastKnownFileType = text.xcconfig; name = "Pods-rayinsta.debug.xcconfig"; path = "Target Support Files/Pods-rayinsta/Pods-rayinsta.debug.xcconfig"; sourceTree = "<group>"; };
		FF2608FF85BB4613E25F393F /* Pods_rayinstaUITests.framework */ = {isa = PBXFileReference; explicitFileType = wrapper.framework; includeInIndex = 0; path = Pods_rayinstaUITests.framework; sourceTree = BUILT_PRODUCTS_DIR; };
/* End PBXFileReference section */

/* Begin PBXFrameworksBuildPhase section */
		0EB0222422D3FBD3002179EB /* Frameworks */ = {
			isa = PBXFrameworksBuildPhase;
			buildActionMask = 2147483647;
			files = (
				8C5E59AA3986586BA505EC79 /* Pods_rayinsta.framework in Frameworks */,
			);
			runOnlyForDeploymentPostprocessing = 0;
		};
		0EB0223C22D3FBD4002179EB /* Frameworks */ = {
			isa = PBXFrameworksBuildPhase;
			buildActionMask = 2147483647;
			files = (
				5EB47659A8DC1655852A79AB /* Pods_rayinstaTests.framework in Frameworks */,
			);
			runOnlyForDeploymentPostprocessing = 0;
		};
		0EB0224722D3FBD5002179EB /* Frameworks */ = {
			isa = PBXFrameworksBuildPhase;
			buildActionMask = 2147483647;
			files = (
				A64559FB87F1CB8CFC98DDDE /* Pods_rayinstaUITests.framework in Frameworks */,
			);
			runOnlyForDeploymentPostprocessing = 0;
		};
/* End PBXFrameworksBuildPhase section */

/* Begin PBXGroup section */
		0EB0221E22D3FBD3002179EB = {
			isa = PBXGroup;
			children = (
				0EB0222922D3FBD3002179EB /* rayinsta */,
				0EB0224222D3FBD4002179EB /* rayinstaTests */,
				0EB0224D22D3FBD5002179EB /* rayinstaUITests */,
				0EB0222822D3FBD3002179EB /* Products */,
				E16ADE11823AE353B69680BC /* Pods */,
				EF901B7BE43753654AF685B8 /* Frameworks */,
			);
			sourceTree = "<group>";
		};
		0EB0222822D3FBD3002179EB /* Products */ = {
			isa = PBXGroup;
			children = (
				0EB0222722D3FBD3002179EB /* rayinsta.app */,
				0EB0223F22D3FBD4002179EB /* rayinstaTests.xctest */,
				0EB0224A22D3FBD5002179EB /* rayinstaUITests.xctest */,
			);
			name = Products;
			sourceTree = "<group>";
		};
		0EB0222922D3FBD3002179EB /* rayinsta */ = {
			isa = PBXGroup;
			children = (
				0EB0223822D3FBD4002179EB /* Info.plist */,
				0EB0226822D54213002179EB /* View Controllers */,
				0EB0226922D5424F002179EB /* Models */,
			);
			path = rayinsta;
			sourceTree = "<group>";
		};
		0EB0224222D3FBD4002179EB /* rayinstaTests */ = {
			isa = PBXGroup;
			children = (
				0EB0224322D3FBD4002179EB /* rayinstaTests.m */,
				0EB0224522D3FBD4002179EB /* Info.plist */,
			);
			path = rayinstaTests;
			sourceTree = "<group>";
		};
		0EB0224D22D3FBD5002179EB /* rayinstaUITests */ = {
			isa = PBXGroup;
			children = (
				0EB0224E22D3FBD5002179EB /* rayinstaUITests.m */,
				0EB0225022D3FBD5002179EB /* Info.plist */,
			);
			path = rayinstaUITests;
			sourceTree = "<group>";
		};
		0EB0226822D54213002179EB /* View Controllers */ = {
			isa = PBXGroup;
			children = (
				0EB0226222D41A8F002179EB /* HomeFeedViewController.h */,
				0EB0226322D41A8F002179EB /* HomeFeedViewController.m */,
				0EB0222D22D3FBD3002179EB /* LoginViewController.h */,
				0EB0222E22D3FBD3002179EB /* LoginViewController.m */,
				0EB0225F22D4108B002179EB /* SignUpViewController.h */,
				0EB0226022D4108B002179EB /* SignUpViewController.m */,
				0EB0226522D52AFA002179EB /* Post.h */,
				0EB0226622D52AFA002179EB /* Post.m */,
			);
			path = "View Controllers";
			sourceTree = "<group>";
		};
		0EB0226922D5424F002179EB /* Models */ = {
			isa = PBXGroup;
			children = (
				0EB0222A22D3FBD3002179EB /* AppDelegate.h */,
				0EB0222B22D3FBD3002179EB /* AppDelegate.m */,
				0EB0223022D3FBD3002179EB /* Main.storyboard */,
				0EB0223322D3FBD4002179EB /* Assets.xcassets */,
				0EB0223522D3FBD4002179EB /* LaunchScreen.storyboard */,
				0EB0223922D3FBD4002179EB /* main.m */,
			);
			path = Models;
			sourceTree = "<group>";
		};
		E16ADE11823AE353B69680BC /* Pods */ = {
			isa = PBXGroup;
			children = (
				F69DCE5FBFFED560D8EDBC27 /* Pods-rayinsta.debug.xcconfig */,
				402EBC62E08BC54CCB83A6CD /* Pods-rayinsta.release.xcconfig */,
				F1978E94ED5A4B4CBD7A074F /* Pods-rayinstaTests.debug.xcconfig */,
				0B86ABC6454DAEBD7B9FFBC3 /* Pods-rayinstaTests.release.xcconfig */,
				7FC08DFDEEA4EA9B19383171 /* Pods-rayinstaUITests.debug.xcconfig */,
				F3F250EC9A490F8B49E50EDF /* Pods-rayinstaUITests.release.xcconfig */,
			);
			path = Pods;
			sourceTree = "<group>";
		};
		EF901B7BE43753654AF685B8 /* Frameworks */ = {
			isa = PBXGroup;
			children = (
				B65DFE182BA10FE662D899CA /* Pods_rayinsta.framework */,
				1971B6FAA36023151F4D83AC /* Pods_rayinstaTests.framework */,
				FF2608FF85BB4613E25F393F /* Pods_rayinstaUITests.framework */,
			);
			name = Frameworks;
			sourceTree = "<group>";
		};
/* End PBXGroup section */

/* Begin PBXNativeTarget section */
		0EB0222622D3FBD3002179EB /* rayinsta */ = {
			isa = PBXNativeTarget;
			buildConfigurationList = 0EB0225322D3FBD5002179EB /* Build configuration list for PBXNativeTarget "rayinsta" */;
			buildPhases = (
				3EC372F1A7A8D9D3661CE608 /* [CP] Check Pods Manifest.lock */,
				0EB0222322D3FBD3002179EB /* Sources */,
				0EB0222422D3FBD3002179EB /* Frameworks */,
				0EB0222522D3FBD3002179EB /* Resources */,
				4AD3E6F1F43107E0AB7B688D /* [CP] Embed Pods Frameworks */,
			);
			buildRules = (
			);
			dependencies = (
			);
			name = rayinsta;
			productName = rayinsta;
			productReference = 0EB0222722D3FBD3002179EB /* rayinsta.app */;
			productType = "com.apple.product-type.application";
		};
		0EB0223E22D3FBD4002179EB /* rayinstaTests */ = {
			isa = PBXNativeTarget;
			buildConfigurationList = 0EB0225622D3FBD5002179EB /* Build configuration list for PBXNativeTarget "rayinstaTests" */;
			buildPhases = (
				F024AD427359A155B0E1AF00 /* [CP] Check Pods Manifest.lock */,
				0EB0223B22D3FBD4002179EB /* Sources */,
				0EB0223C22D3FBD4002179EB /* Frameworks */,
				0EB0223D22D3FBD4002179EB /* Resources */,
			);
			buildRules = (
			);
			dependencies = (
				0EB0224122D3FBD4002179EB /* PBXTargetDependency */,
			);
			name = rayinstaTests;
			productName = rayinstaTests;
			productReference = 0EB0223F22D3FBD4002179EB /* rayinstaTests.xctest */;
			productType = "com.apple.product-type.bundle.unit-test";
		};
		0EB0224922D3FBD5002179EB /* rayinstaUITests */ = {
			isa = PBXNativeTarget;
			buildConfigurationList = 0EB0225922D3FBD5002179EB /* Build configuration list for PBXNativeTarget "rayinstaUITests" */;
			buildPhases = (
				65BE73F26FE4A9D4F244913A /* [CP] Check Pods Manifest.lock */,
				0EB0224622D3FBD5002179EB /* Sources */,
				0EB0224722D3FBD5002179EB /* Frameworks */,
				0EB0224822D3FBD5002179EB /* Resources */,
			);
			buildRules = (
			);
			dependencies = (
				0EB0224C22D3FBD5002179EB /* PBXTargetDependency */,
			);
			name = rayinstaUITests;
			productName = rayinstaUITests;
			productReference = 0EB0224A22D3FBD5002179EB /* rayinstaUITests.xctest */;
			productType = "com.apple.product-type.bundle.ui-testing";
		};
/* End PBXNativeTarget section */

/* Begin PBXProject section */
		0EB0221F22D3FBD3002179EB /* Project object */ = {
			isa = PBXProject;
			attributes = {
				LastUpgradeCheck = 1020;
				ORGANIZATIONNAME = rhaypapenfuzz;
				TargetAttributes = {
					0EB0222622D3FBD3002179EB = {
						CreatedOnToolsVersion = 10.2.1;
					};
					0EB0223E22D3FBD4002179EB = {
						CreatedOnToolsVersion = 10.2.1;
						TestTargetID = 0EB0222622D3FBD3002179EB;
					};
					0EB0224922D3FBD5002179EB = {
						CreatedOnToolsVersion = 10.2.1;
						TestTargetID = 0EB0222622D3FBD3002179EB;
					};
				};
			};
			buildConfigurationList = 0EB0222222D3FBD3002179EB /* Build configuration list for PBXProject "rayinsta" */;
			compatibilityVersion = "Xcode 9.3";
			developmentRegion = en;
			hasScannedForEncodings = 0;
			knownRegions = (
				en,
				Base,
			);
			mainGroup = 0EB0221E22D3FBD3002179EB;
			productRefGroup = 0EB0222822D3FBD3002179EB /* Products */;
			projectDirPath = "";
			projectRoot = "";
			targets = (
				0EB0222622D3FBD3002179EB /* rayinsta */,
				0EB0223E22D3FBD4002179EB /* rayinstaTests */,
				0EB0224922D3FBD5002179EB /* rayinstaUITests */,
			);
		};
/* End PBXProject section */

/* Begin PBXResourcesBuildPhase section */
		0EB0222522D3FBD3002179EB /* Resources */ = {
			isa = PBXResourcesBuildPhase;
			buildActionMask = 2147483647;
			files = (
				0EB0223722D3FBD4002179EB /* LaunchScreen.storyboard in Resources */,
				0EB0223422D3FBD4002179EB /* Assets.xcassets in Resources */,
				0EB0223222D3FBD3002179EB /* Main.storyboard in Resources */,
			);
			runOnlyForDeploymentPostprocessing = 0;
		};
		0EB0223D22D3FBD4002179EB /* Resources */ = {
			isa = PBXResourcesBuildPhase;
			buildActionMask = 2147483647;
			files = (
			);
			runOnlyForDeploymentPostprocessing = 0;
		};
		0EB0224822D3FBD5002179EB /* Resources */ = {
			isa = PBXResourcesBuildPhase;
			buildActionMask = 2147483647;
			files = (
			);
			runOnlyForDeploymentPostprocessing = 0;
		};
/* End PBXResourcesBuildPhase section */

/* Begin PBXShellScriptBuildPhase section */
		3EC372F1A7A8D9D3661CE608 /* [CP] Check Pods Manifest.lock */ = {
			isa = PBXShellScriptBuildPhase;
			buildActionMask = 2147483647;
			files = (
			);
			inputFileListPaths = (
			);
			inputPaths = (
				"${PODS_PODFILE_DIR_PATH}/Podfile.lock",
				"${PODS_ROOT}/Manifest.lock",
			);
			name = "[CP] Check Pods Manifest.lock";
			outputFileListPaths = (
			);
			outputPaths = (
				"$(DERIVED_FILE_DIR)/Pods-rayinsta-checkManifestLockResult.txt",
			);
			runOnlyForDeploymentPostprocessing = 0;
			shellPath = /bin/sh;
			shellScript = "diff \"${PODS_PODFILE_DIR_PATH}/Podfile.lock\" \"${PODS_ROOT}/Manifest.lock\" > /dev/null\nif [ $? != 0 ] ; then\n    # print error to STDERR\n    echo \"error: The sandbox is not in sync with the Podfile.lock. Run 'pod install' or update your CocoaPods installation.\" >&2\n    exit 1\nfi\n# This output is used by Xcode 'outputs' to avoid re-running this script phase.\necho \"SUCCESS\" > \"${SCRIPT_OUTPUT_FILE_0}\"\n";
			showEnvVarsInLog = 0;
		};
		4AD3E6F1F43107E0AB7B688D /* [CP] Embed Pods Frameworks */ = {
			isa = PBXShellScriptBuildPhase;
			buildActionMask = 2147483647;
			files = (
			);
			inputFileListPaths = (
				"${PODS_ROOT}/Target Support Files/Pods-rayinsta/Pods-rayinsta-frameworks-${CONFIGURATION}-input-files.xcfilelist",
			);
			name = "[CP] Embed Pods Frameworks";
			outputFileListPaths = (
				"${PODS_ROOT}/Target Support Files/Pods-rayinsta/Pods-rayinsta-frameworks-${CONFIGURATION}-output-files.xcfilelist",
			);
			runOnlyForDeploymentPostprocessing = 0;
			shellPath = /bin/sh;
			shellScript = "\"${PODS_ROOT}/Target Support Files/Pods-rayinsta/Pods-rayinsta-frameworks.sh\"\n";
			showEnvVarsInLog = 0;
		};
		65BE73F26FE4A9D4F244913A /* [CP] Check Pods Manifest.lock */ = {
			isa = PBXShellScriptBuildPhase;
			buildActionMask = 2147483647;
			files = (
			);
			inputFileListPaths = (
			);
			inputPaths = (
				"${PODS_PODFILE_DIR_PATH}/Podfile.lock",
				"${PODS_ROOT}/Manifest.lock",
			);
			name = "[CP] Check Pods Manifest.lock";
			outputFileListPaths = (
			);
			outputPaths = (
				"$(DERIVED_FILE_DIR)/Pods-rayinstaUITests-checkManifestLockResult.txt",
			);
			runOnlyForDeploymentPostprocessing = 0;
			shellPath = /bin/sh;
			shellScript = "diff \"${PODS_PODFILE_DIR_PATH}/Podfile.lock\" \"${PODS_ROOT}/Manifest.lock\" > /dev/null\nif [ $? != 0 ] ; then\n    # print error to STDERR\n    echo \"error: The sandbox is not in sync with the Podfile.lock. Run 'pod install' or update your CocoaPods installation.\" >&2\n    exit 1\nfi\n# This output is used by Xcode 'outputs' to avoid re-running this script phase.\necho \"SUCCESS\" > \"${SCRIPT_OUTPUT_FILE_0}\"\n";
			showEnvVarsInLog = 0;
		};
		F024AD427359A155B0E1AF00 /* [CP] Check Pods Manifest.lock */ = {
			isa = PBXShellScriptBuildPhase;
			buildActionMask = 2147483647;
			files = (
			);
			inputFileListPaths = (
			);
			inputPaths = (
				"${PODS_PODFILE_DIR_PATH}/Podfile.lock",
				"${PODS_ROOT}/Manifest.lock",
			);
			name = "[CP] Check Pods Manifest.lock";
			outputFileListPaths = (
			);
			outputPaths = (
				"$(DERIVED_FILE_DIR)/Pods-rayinstaTests-checkManifestLockResult.txt",
			);
			runOnlyForDeploymentPostprocessing = 0;
			shellPath = /bin/sh;
			shellScript = "diff \"${PODS_PODFILE_DIR_PATH}/Podfile.lock\" \"${PODS_ROOT}/Manifest.lock\" > /dev/null\nif [ $? != 0 ] ; then\n    # print error to STDERR\n    echo \"error: The sandbox is not in sync with the Podfile.lock. Run 'pod install' or update your CocoaPods installation.\" >&2\n    exit 1\nfi\n# This output is used by Xcode 'outputs' to avoid re-running this script phase.\necho \"SUCCESS\" > \"${SCRIPT_OUTPUT_FILE_0}\"\n";
			showEnvVarsInLog = 0;
		};
/* End PBXShellScriptBuildPhase section */

/* Begin PBXSourcesBuildPhase section */
		0EB0222322D3FBD3002179EB /* Sources */ = {
			isa = PBXSourcesBuildPhase;
			buildActionMask = 2147483647;
			files = (
				0EB0226422D41A8F002179EB /* HomeFeedViewController.m in Sources */,
				0EB0226722D52AFA002179EB /* Post.m in Sources */,
				0EB0222F22D3FBD3002179EB /* LoginViewController.m in Sources */,
				0EB0223A22D3FBD4002179EB /* main.m in Sources */,
				0EB0226122D4108B002179EB /* SignUpViewController.m in Sources */,
				0EB0222C22D3FBD3002179EB /* AppDelegate.m in Sources */,
			);
			runOnlyForDeploymentPostprocessing = 0;
		};
		0EB0223B22D3FBD4002179EB /* Sources */ = {
			isa = PBXSourcesBuildPhase;
			buildActionMask = 2147483647;
			files = (
				0EB0224422D3FBD4002179EB /* rayinstaTests.m in Sources */,
			);
			runOnlyForDeploymentPostprocessing = 0;
		};
		0EB0224622D3FBD5002179EB /* Sources */ = {
			isa = PBXSourcesBuildPhase;
			buildActionMask = 2147483647;
			files = (
				0EB0224F22D3FBD5002179EB /* rayinstaUITests.m in Sources */,
			);
			runOnlyForDeploymentPostprocessing = 0;
		};
/* End PBXSourcesBuildPhase section */

/* Begin PBXTargetDependency section */
		0EB0224122D3FBD4002179EB /* PBXTargetDependency */ = {
			isa = PBXTargetDependency;
			target = 0EB0222622D3FBD3002179EB /* rayinsta */;
			targetProxy = 0EB0224022D3FBD4002179EB /* PBXContainerItemProxy */;
		};
		0EB0224C22D3FBD5002179EB /* PBXTargetDependency */ = {
			isa = PBXTargetDependency;
			target = 0EB0222622D3FBD3002179EB /* rayinsta */;
			targetProxy = 0EB0224B22D3FBD5002179EB /* PBXContainerItemProxy */;
		};
/* End PBXTargetDependency section */

/* Begin PBXVariantGroup section */
		0EB0223022D3FBD3002179EB /* Main.storyboard */ = {
			isa = PBXVariantGroup;
			children = (
				0EB0223122D3FBD3002179EB /* Base */,
			);
			name = Main.storyboard;
			sourceTree = "<group>";
		};
		0EB0223522D3FBD4002179EB /* LaunchScreen.storyboard */ = {
			isa = PBXVariantGroup;
			children = (
				0EB0223622D3FBD4002179EB /* Base */,
			);
			name = LaunchScreen.storyboard;
			sourceTree = "<group>";
		};
/* End PBXVariantGroup section */

/* Begin XCBuildConfiguration section */
		0EB0225122D3FBD5002179EB /* Debug */ = {
			isa = XCBuildConfiguration;
			buildSettings = {
				ALWAYS_SEARCH_USER_PATHS = NO;
				CLANG_ANALYZER_NONNULL = YES;
				CLANG_ANALYZER_NUMBER_OBJECT_CONVERSION = YES_AGGRESSIVE;
				CLANG_CXX_LANGUAGE_STANDARD = "gnu++14";
				CLANG_CXX_LIBRARY = "libc++";
				CLANG_ENABLE_MODULES = YES;
				CLANG_ENABLE_OBJC_ARC = YES;
				CLANG_ENABLE_OBJC_WEAK = YES;
				CLANG_WARN_BLOCK_CAPTURE_AUTORELEASING = YES;
				CLANG_WARN_BOOL_CONVERSION = YES;
				CLANG_WARN_COMMA = YES;
				CLANG_WARN_CONSTANT_CONVERSION = YES;
				CLANG_WARN_DEPRECATED_OBJC_IMPLEMENTATIONS = YES;
				CLANG_WARN_DIRECT_OBJC_ISA_USAGE = YES_ERROR;
				CLANG_WARN_DOCUMENTATION_COMMENTS = YES;
				CLANG_WARN_EMPTY_BODY = YES;
				CLANG_WARN_ENUM_CONVERSION = YES;
				CLANG_WARN_INFINITE_RECURSION = YES;
				CLANG_WARN_INT_CONVERSION = YES;
				CLANG_WARN_NON_LITERAL_NULL_CONVERSION = YES;
				CLANG_WARN_OBJC_IMPLICIT_RETAIN_SELF = YES;
				CLANG_WARN_OBJC_LITERAL_CONVERSION = YES;
				CLANG_WARN_OBJC_ROOT_CLASS = YES_ERROR;
				CLANG_WARN_RANGE_LOOP_ANALYSIS = YES;
				CLANG_WARN_STRICT_PROTOTYPES = YES;
				CLANG_WARN_SUSPICIOUS_MOVE = YES;
				CLANG_WARN_UNGUARDED_AVAILABILITY = YES_AGGRESSIVE;
				CLANG_WARN_UNREACHABLE_CODE = YES;
				CLANG_WARN__DUPLICATE_METHOD_MATCH = YES;
				CODE_SIGN_IDENTITY = "iPhone Developer";
				COPY_PHASE_STRIP = NO;
				DEBUG_INFORMATION_FORMAT = dwarf;
				ENABLE_STRICT_OBJC_MSGSEND = YES;
				ENABLE_TESTABILITY = YES;
				GCC_C_LANGUAGE_STANDARD = gnu11;
				GCC_DYNAMIC_NO_PIC = NO;
				GCC_NO_COMMON_BLOCKS = YES;
				GCC_OPTIMIZATION_LEVEL = 0;
				GCC_PREPROCESSOR_DEFINITIONS = (
					"DEBUG=1",
					"$(inherited)",
				);
				GCC_WARN_64_TO_32_BIT_CONVERSION = YES;
				GCC_WARN_ABOUT_RETURN_TYPE = YES_ERROR;
				GCC_WARN_UNDECLARED_SELECTOR = YES;
				GCC_WARN_UNINITIALIZED_AUTOS = YES_AGGRESSIVE;
				GCC_WARN_UNUSED_FUNCTION = YES;
				GCC_WARN_UNUSED_VARIABLE = YES;
				IPHONEOS_DEPLOYMENT_TARGET = 12.2;
				MTL_ENABLE_DEBUG_INFO = INCLUDE_SOURCE;
				MTL_FAST_MATH = YES;
				ONLY_ACTIVE_ARCH = YES;
				SDKROOT = iphoneos;
			};
			name = Debug;
		};
		0EB0225222D3FBD5002179EB /* Release */ = {
			isa = XCBuildConfiguration;
			buildSettings = {
				ALWAYS_SEARCH_USER_PATHS = NO;
				CLANG_ANALYZER_NONNULL = YES;
				CLANG_ANALYZER_NUMBER_OBJECT_CONVERSION = YES_AGGRESSIVE;
				CLANG_CXX_LANGUAGE_STANDARD = "gnu++14";
				CLANG_CXX_LIBRARY = "libc++";
				CLANG_ENABLE_MODULES = YES;
				CLANG_ENABLE_OBJC_ARC = YES;
				CLANG_ENABLE_OBJC_WEAK = YES;
				CLANG_WARN_BLOCK_CAPTURE_AUTORELEASING = YES;
				CLANG_WARN_BOOL_CONVERSION = YES;
				CLANG_WARN_COMMA = YES;
				CLANG_WARN_CONSTANT_CONVERSION = YES;
				CLANG_WARN_DEPRECATED_OBJC_IMPLEMENTATIONS = YES;
				CLANG_WARN_DIRECT_OBJC_ISA_USAGE = YES_ERROR;
				CLANG_WARN_DOCUMENTATION_COMMENTS = YES;
				CLANG_WARN_EMPTY_BODY = YES;
				CLANG_WARN_ENUM_CONVERSION = YES;
				CLANG_WARN_INFINITE_RECURSION = YES;
				CLANG_WARN_INT_CONVERSION = YES;
				CLANG_WARN_NON_LITERAL_NULL_CONVERSION = YES;
				CLANG_WARN_OBJC_IMPLICIT_RETAIN_SELF = YES;
				CLANG_WARN_OBJC_LITERAL_CONVERSION = YES;
				CLANG_WARN_OBJC_ROOT_CLASS = YES_ERROR;
				CLANG_WARN_RANGE_LOOP_ANALYSIS = YES;
				CLANG_WARN_STRICT_PROTOTYPES = YES;
				CLANG_WARN_SUSPICIOUS_MOVE = YES;
				CLANG_WARN_UNGUARDED_AVAILABILITY = YES_AGGRESSIVE;
				CLANG_WARN_UNREACHABLE_CODE = YES;
				CLANG_WARN__DUPLICATE_METHOD_MATCH = YES;
				CODE_SIGN_IDENTITY = "iPhone Developer";
				COPY_PHASE_STRIP = NO;
				DEBUG_INFORMATION_FORMAT = "dwarf-with-dsym";
				ENABLE_NS_ASSERTIONS = NO;
				ENABLE_STRICT_OBJC_MSGSEND = YES;
				GCC_C_LANGUAGE_STANDARD = gnu11;
				GCC_NO_COMMON_BLOCKS = YES;
				GCC_WARN_64_TO_32_BIT_CONVERSION = YES;
				GCC_WARN_ABOUT_RETURN_TYPE = YES_ERROR;
				GCC_WARN_UNDECLARED_SELECTOR = YES;
				GCC_WARN_UNINITIALIZED_AUTOS = YES_AGGRESSIVE;
				GCC_WARN_UNUSED_FUNCTION = YES;
				GCC_WARN_UNUSED_VARIABLE = YES;
				IPHONEOS_DEPLOYMENT_TARGET = 12.2;
				MTL_ENABLE_DEBUG_INFO = NO;
				MTL_FAST_MATH = YES;
				SDKROOT = iphoneos;
				VALIDATE_PRODUCT = YES;
			};
			name = Release;
		};
		0EB0225422D3FBD5002179EB /* Debug */ = {
			isa = XCBuildConfiguration;
			baseConfigurationReference = F69DCE5FBFFED560D8EDBC27 /* Pods-rayinsta.debug.xcconfig */;
			buildSettings = {
				ASSETCATALOG_COMPILER_APPICON_NAME = AppIcon;
				CODE_SIGN_STYLE = Automatic;
				DEVELOPMENT_TEAM = B7R4TAWA36;
				INFOPLIST_FILE = rayinsta/Info.plist;
				LD_RUNPATH_SEARCH_PATHS = (
					"$(inherited)",
					"@executable_path/Frameworks",
				);
				PRODUCT_BUNDLE_IDENTIFIER = com.codepath.rayinsta;
				PRODUCT_NAME = "$(TARGET_NAME)";
				TARGETED_DEVICE_FAMILY = "1,2";
			};
			name = Debug;
		};
		0EB0225522D3FBD5002179EB /* Release */ = {
			isa = XCBuildConfiguration;
			baseConfigurationReference = 402EBC62E08BC54CCB83A6CD /* Pods-rayinsta.release.xcconfig */;
			buildSettings = {
				ASSETCATALOG_COMPILER_APPICON_NAME = AppIcon;
				CODE_SIGN_STYLE = Automatic;
				DEVELOPMENT_TEAM = B7R4TAWA36;
				INFOPLIST_FILE = rayinsta/Info.plist;
				LD_RUNPATH_SEARCH_PATHS = (
					"$(inherited)",
					"@executable_path/Frameworks",
				);
				PRODUCT_BUNDLE_IDENTIFIER = com.codepath.rayinsta;
				PRODUCT_NAME = "$(TARGET_NAME)";
				TARGETED_DEVICE_FAMILY = "1,2";
			};
			name = Release;
		};
		0EB0225722D3FBD5002179EB /* Debug */ = {
			isa = XCBuildConfiguration;
			baseConfigurationReference = F1978E94ED5A4B4CBD7A074F /* Pods-rayinstaTests.debug.xcconfig */;
			buildSettings = {
				BUNDLE_LOADER = "$(TEST_HOST)";
				CODE_SIGN_STYLE = Automatic;
				DEVELOPMENT_TEAM = B7R4TAWA36;
				INFOPLIST_FILE = rayinstaTests/Info.plist;
				LD_RUNPATH_SEARCH_PATHS = (
					"$(inherited)",
					"@executable_path/Frameworks",
					"@loader_path/Frameworks",
				);
				PRODUCT_BUNDLE_IDENTIFIER = com.codepath.rayinstaTests;
				PRODUCT_NAME = "$(TARGET_NAME)";
				TARGETED_DEVICE_FAMILY = "1,2";
				TEST_HOST = "$(BUILT_PRODUCTS_DIR)/rayinsta.app/rayinsta";
			};
			name = Debug;
		};
		0EB0225822D3FBD5002179EB /* Release */ = {
			isa = XCBuildConfiguration;
			baseConfigurationReference = 0B86ABC6454DAEBD7B9FFBC3 /* Pods-rayinstaTests.release.xcconfig */;
			buildSettings = {
				BUNDLE_LOADER = "$(TEST_HOST)";
				CODE_SIGN_STYLE = Automatic;
				DEVELOPMENT_TEAM = B7R4TAWA36;
				INFOPLIST_FILE = rayinstaTests/Info.plist;
				LD_RUNPATH_SEARCH_PATHS = (
					"$(inherited)",
					"@executable_path/Frameworks",
					"@loader_path/Frameworks",
				);
				PRODUCT_BUNDLE_IDENTIFIER = com.codepath.rayinstaTests;
				PRODUCT_NAME = "$(TARGET_NAME)";
				TARGETED_DEVICE_FAMILY = "1,2";
				TEST_HOST = "$(BUILT_PRODUCTS_DIR)/rayinsta.app/rayinsta";
			};
			name = Release;
		};
		0EB0225A22D3FBD5002179EB /* Debug */ = {
			isa = XCBuildConfiguration;
			baseConfigurationReference = 7FC08DFDEEA4EA9B19383171 /* Pods-rayinstaUITests.debug.xcconfig */;
			buildSettings = {
				CODE_SIGN_STYLE = Automatic;
				DEVELOPMENT_TEAM = B7R4TAWA36;
				INFOPLIST_FILE = rayinstaUITests/Info.plist;
				LD_RUNPATH_SEARCH_PATHS = (
					"$(inherited)",
					"@executable_path/Frameworks",
					"@loader_path/Frameworks",
				);
				PRODUCT_BUNDLE_IDENTIFIER = com.codepath.rayinstaUITests;
				PRODUCT_NAME = "$(TARGET_NAME)";
				TARGETED_DEVICE_FAMILY = "1,2";
				TEST_TARGET_NAME = rayinsta;
			};
			name = Debug;
		};
		0EB0225B22D3FBD5002179EB /* Release */ = {
			isa = XCBuildConfiguration;
			baseConfigurationReference = F3F250EC9A490F8B49E50EDF /* Pods-rayinstaUITests.release.xcconfig */;
			buildSettings = {
				CODE_SIGN_STYLE = Automatic;
				DEVELOPMENT_TEAM = B7R4TAWA36;
				INFOPLIST_FILE = rayinstaUITests/Info.plist;
				LD_RUNPATH_SEARCH_PATHS = (
					"$(inherited)",
					"@executable_path/Frameworks",
					"@loader_path/Frameworks",
				);
				PRODUCT_BUNDLE_IDENTIFIER = com.codepath.rayinstaUITests;
				PRODUCT_NAME = "$(TARGET_NAME)";
				TARGETED_DEVICE_FAMILY = "1,2";
				TEST_TARGET_NAME = rayinsta;
			};
			name = Release;
		};
/* End XCBuildConfiguration section */

/* Begin XCConfigurationList section */
		0EB0222222D3FBD3002179EB /* Build configuration list for PBXProject "rayinsta" */ = {
			isa = XCConfigurationList;
			buildConfigurations = (
				0EB0225122D3FBD5002179EB /* Debug */,
				0EB0225222D3FBD5002179EB /* Release */,
			);
			defaultConfigurationIsVisible = 0;
			defaultConfigurationName = Release;
		};
		0EB0225322D3FBD5002179EB /* Build configuration list for PBXNativeTarget "rayinsta" */ = {
			isa = XCConfigurationList;
			buildConfigurations = (
				0EB0225422D3FBD5002179EB /* Debug */,
				0EB0225522D3FBD5002179EB /* Release */,
			);
			defaultConfigurationIsVisible = 0;
			defaultConfigurationName = Release;
		};
		0EB0225622D3FBD5002179EB /* Build configuration list for PBXNativeTarget "rayinstaTests" */ = {
			isa = XCConfigurationList;
			buildConfigurations = (
				0EB0225722D3FBD5002179EB /* Debug */,
				0EB0225822D3FBD5002179EB /* Release */,
			);
			defaultConfigurationIsVisible = 0;
			defaultConfigurationName = Release;
		};
		0EB0225922D3FBD5002179EB /* Build configuration list for PBXNativeTarget "rayinstaUITests" */ = {
			isa = XCConfigurationList;
			buildConfigurations = (
				0EB0225A22D3FBD5002179EB /* Debug */,
				0EB0225B22D3FBD5002179EB /* Release */,
			);
			defaultConfigurationIsVisible = 0;
			defaultConfigurationName = Release;
		};
/* End XCConfigurationList section */
	};
	rootObject = 0EB0221F22D3FBD3002179EB /* Project object */;
}
